// !$*UTF8*$!
{
	archiveVersion = 1;
	classes = {
	};
	objectVersion = 46;
	objects = {

/* Begin PBXBuildFile section */
		FA0068751BCE2C6E00D2BF9A /* AppDelegate.swift in Sources */ = {isa = PBXBuildFile; fileRef = FA0068741BCE2C6E00D2BF9A /* AppDelegate.swift */; };
		FA0068771BCE2C6E00D2BF9A /* RecordSoundsViewController.swift in Sources */ = {isa = PBXBuildFile; fileRef = FA0068761BCE2C6E00D2BF9A /* RecordSoundsViewController.swift */; };
		FA00687A1BCE2C6E00D2BF9A /* Main.storyboard in Resources */ = {isa = PBXBuildFile; fileRef = FA0068781BCE2C6E00D2BF9A /* Main.storyboard */; };
		FA00687C1BCE2C6E00D2BF9A /* Assets.xcassets in Resources */ = {isa = PBXBuildFile; fileRef = FA00687B1BCE2C6E00D2BF9A /* Assets.xcassets */; };
		FA00687F1BCE2C6E00D2BF9A /* LaunchScreen.storyboard in Resources */ = {isa = PBXBuildFile; fileRef = FA00687D1BCE2C6E00D2BF9A /* LaunchScreen.storyboard */; };
		FA00688A1BCE2C6E00D2BF9A /* Pitch_PerfectTests.swift in Sources */ = {isa = PBXBuildFile; fileRef = FA0068891BCE2C6E00D2BF9A /* Pitch_PerfectTests.swift */; };
		FA0068951BCE2C6E00D2BF9A /* Pitch_PerfectUITests.swift in Sources */ = {isa = PBXBuildFile; fileRef = FA0068941BCE2C6E00D2BF9A /* Pitch_PerfectUITests.swift */; };
		FAB0C05A1BCF9461002B0F0F /* PlaySoundsViewController.swift in Sources */ = {isa = PBXBuildFile; fileRef = FAB0C0591BCF9461002B0F0F /* PlaySoundsViewController.swift */; settings = {ASSET_TAGS = (); }; };
		FAB0C05C1BCFB0F7002B0F0F /* movie_quote.mp3 in Resources */ = {isa = PBXBuildFile; fileRef = FAB0C05B1BCFB0F7002B0F0F /* movie_quote.mp3 */; settings = {ASSET_TAGS = (); }; };
		FAB0C05E1BD0A8EA002B0F0F /* RecordedAudio.swift in Sources */ = {isa = PBXBuildFile; fileRef = FAB0C05D1BD0A8E9002B0F0F /* RecordedAudio.swift */; settings = {ASSET_TAGS = (); }; };
/* End PBXBuildFile section */

/* Begin PBXContainerItemProxy section */
		FA0068861BCE2C6E00D2BF9A /* PBXContainerItemProxy */ = {
			isa = PBXContainerItemProxy;
			containerPortal = FA0068691BCE2C6E00D2BF9A /* Project object */;
			proxyType = 1;
			remoteGlobalIDString = FA0068701BCE2C6E00D2BF9A;
			remoteInfo = "Pitch Perfect";
		};
		FA0068911BCE2C6E00D2BF9A /* PBXContainerItemProxy */ = {
			isa = PBXContainerItemProxy;
			containerPortal = FA0068691BCE2C6E00D2BF9A /* Project object */;
			proxyType = 1;
			remoteGlobalIDString = FA0068701BCE2C6E00D2BF9A;
			remoteInfo = "Pitch Perfect";
		};
/* End PBXContainerItemProxy section */

/* Begin PBXFileReference section */
		FA0068711BCE2C6E00D2BF9A /* Pitch Perfect.app */ = {isa = PBXFileReference; explicitFileType = wrapper.application; includeInIndex = 0; path = "Pitch Perfect.app"; sourceTree = BUILT_PRODUCTS_DIR; };
		FA0068741BCE2C6E00D2BF9A /* AppDelegate.swift */ = {isa = PBXFileReference; lastKnownFileType = sourcecode.swift; path = AppDelegate.swift; sourceTree = "<group>"; };
		FA0068761BCE2C6E00D2BF9A /* RecordSoundsViewController.swift */ = {isa = PBXFileReference; lastKnownFileType = sourcecode.swift; path = RecordSoundsViewController.swift; sourceTree = "<group>"; };
		FA0068791BCE2C6E00D2BF9A /* Base */ = {isa = PBXFileReference; lastKnownFileType = file.storyboard; name = Base; path = Base.lproj/Main.storyboard; sourceTree = "<group>"; };
		FA00687B1BCE2C6E00D2BF9A /* Assets.xcassets */ = {isa = PBXFileReference; lastKnownFileType = folder.assetcatalog; path = Assets.xcassets; sourceTree = "<group>"; };
		FA00687E1BCE2C6E00D2BF9A /* Base */ = {isa = PBXFileReference; lastKnownFileType = file.storyboard; name = Base; path = Base.lproj/LaunchScreen.storyboard; sourceTree = "<group>"; };
		FA0068801BCE2C6E00D2BF9A /* Info.plist */ = {isa = PBXFileReference; lastKnownFileType = text.plist.xml; path = Info.plist; sourceTree = "<group>"; };
		FA0068851BCE2C6E00D2BF9A /* Pitch PerfectTests.xctest */ = {isa = PBXFileReference; explicitFileType = wrapper.cfbundle; includeInIndex = 0; path = "Pitch PerfectTests.xctest"; sourceTree = BUILT_PRODUCTS_DIR; };
		FA0068891BCE2C6E00D2BF9A /* Pitch_PerfectTests.swift */ = {isa = PBXFileReference; lastKnownFileType = sourcecode.swift; path = Pitch_PerfectTests.swift; sourceTree = "<group>"; };
		FA00688B1BCE2C6E00D2BF9A /* Info.plist */ = {isa = PBXFileReference; lastKnownFileType = text.plist.xml; path = Info.plist; sourceTree = "<group>"; };
		FA0068901BCE2C6E00D2BF9A /* Pitch PerfectUITests.xctest */ = {isa = PBXFileReference; explicitFileType = wrapper.cfbundle; includeInIndex = 0; path = "Pitch PerfectUITests.xctest"; sourceTree = BUILT_PRODUCTS_DIR; };
		FA0068941BCE2C6E00D2BF9A /* Pitch_PerfectUITests.swift */ = {isa = PBXFileReference; lastKnownFileType = sourcecode.swift; path = Pitch_PerfectUITests.swift; sourceTree = "<group>"; };
		FA0068961BCE2C6E00D2BF9A /* Info.plist */ = {isa = PBXFileReference; lastKnownFileType = text.plist.xml; path = Info.plist; sourceTree = "<group>"; };
		FAB0C0591BCF9461002B0F0F /* PlaySoundsViewController.swift */ = {isa = PBXFileReference; fileEncoding = 4; lastKnownFileType = sourcecode.swift; path = PlaySoundsViewController.swift; sourceTree = "<group>"; };
		FAB0C05B1BCFB0F7002B0F0F /* movie_quote.mp3 */ = {isa = PBXFileReference; lastKnownFileType = audio.mp3; path = movie_quote.mp3; sourceTree = SOURCE_ROOT; };
		FAB0C05D1BD0A8E9002B0F0F /* RecordedAudio.swift */ = {isa = PBXFileReference; fileEncoding = 4; lastKnownFileType = sourcecode.swift; path = RecordedAudio.swift; sourceTree = "<group>"; };
/* End PBXFileReference section */

/* Begin PBXFrameworksBuildPhase section */
		FA00686E1BCE2C6E00D2BF9A /* Frameworks */ = {
			isa = PBXFrameworksBuildPhase;
			buildActionMask = 2147483647;
			files = (
			);
			runOnlyForDeploymentPostprocessing = 0;
		};
		FA0068821BCE2C6E00D2BF9A /* Frameworks */ = {
			isa = PBXFrameworksBuildPhase;
			buildActionMask = 2147483647;
			files = (
			);
			runOnlyForDeploymentPostprocessing = 0;
		};
		FA00688D1BCE2C6E00D2BF9A /* Frameworks */ = {
			isa = PBXFrameworksBuildPhase;
			buildActionMask = 2147483647;
			files = (
			);
			runOnlyForDeploymentPostprocessing = 0;
		};
/* End PBXFrameworksBuildPhase section */

/* Begin PBXGroup section */
		FA0068681BCE2C6E00D2BF9A = {
			isa = PBXGroup;
			children = (
				FA0068731BCE2C6E00D2BF9A /* Pitch Perfect */,
				FA0068881BCE2C6E00D2BF9A /* Pitch PerfectTests */,
				FA0068931BCE2C6E00D2BF9A /* Pitch PerfectUITests */,
				FA0068721BCE2C6E00D2BF9A /* Products */,
			);
			sourceTree = "<group>";
		};
		FA0068721BCE2C6E00D2BF9A /* Products */ = {
			isa = PBXGroup;
			children = (
				FA0068711BCE2C6E00D2BF9A /* Pitch Perfect.app */,
				FA0068851BCE2C6E00D2BF9A /* Pitch PerfectTests.xctest */,
				FA0068901BCE2C6E00D2BF9A /* Pitch PerfectUITests.xctest */,
			);
			name = Products;
			sourceTree = "<group>";
		};
		FA0068731BCE2C6E00D2BF9A /* Pitch Perfect */ = {
			isa = PBXGroup;
			children = (
				FAB0C0591BCF9461002B0F0F /* PlaySoundsViewController.swift */,
				FA0068741BCE2C6E00D2BF9A /* AppDelegate.swift */,
				FA0068761BCE2C6E00D2BF9A /* RecordSoundsViewController.swift */,
				FAB0C05D1BD0A8E9002B0F0F /* RecordedAudio.swift */,
				FA0068781BCE2C6E00D2BF9A /* Main.storyboard */,
				FA00687B1BCE2C6E00D2BF9A /* Assets.xcassets */,
				FAB0C05B1BCFB0F7002B0F0F /* movie_quote.mp3 */,
				FA00687D1BCE2C6E00D2BF9A /* LaunchScreen.storyboard */,
				FA0068801BCE2C6E00D2BF9A /* Info.plist */,
			);
			path = "Pitch Perfect";
			sourceTree = "<group>";
		};
		FA0068881BCE2C6E00D2BF9A /* Pitch PerfectTests */ = {
			isa = PBXGroup;
			children = (
				FA0068891BCE2C6E00D2BF9A /* Pitch_PerfectTests.swift */,
				FA00688B1BCE2C6E00D2BF9A /* Info.plist */,
			);
			path = "Pitch PerfectTests";
			sourceTree = "<group>";
		};
		FA0068931BCE2C6E00D2BF9A /* Pitch PerfectUITests */ = {
			isa = PBXGroup;
			children = (
				FA0068941BCE2C6E00D2BF9A /* Pitch_PerfectUITests.swift */,
				FA0068961BCE2C6E00D2BF9A /* Info.plist */,
			);
			path = "Pitch PerfectUITests";
			sourceTree = "<group>";
		};
/* End PBXGroup section */

/* Begin PBXNativeTarget section */
		FA0068701BCE2C6E00D2BF9A /* Pitch Perfect */ = {
			isa = PBXNativeTarget;
			buildConfigurationList = FA0068991BCE2C6E00D2BF9A /* Build configuration list for PBXNativeTarget "Pitch Perfect" */;
			buildPhases = (
				FA00686D1BCE2C6E00D2BF9A /* Sources */,
				FA00686E1BCE2C6E00D2BF9A /* Frameworks */,
				FA00686F1BCE2C6E00D2BF9A /* Resources */,
			);
			buildRules = (
			);
			dependencies = (
			);
			name = "Pitch Perfect";
			productName = "Pitch Perfect";
			productReference = FA0068711BCE2C6E00D2BF9A /* Pitch Perfect.app */;
			productType = "com.apple.product-type.application";
		};
		FA0068841BCE2C6E00D2BF9A /* Pitch PerfectTests */ = {
			isa = PBXNativeTarget;
			buildConfigurationList = FA00689C1BCE2C6E00D2BF9A /* Build configuration list for PBXNativeTarget "Pitch PerfectTests" */;
			buildPhases = (
				FA0068811BCE2C6E00D2BF9A /* Sources */,
				FA0068821BCE2C6E00D2BF9A /* Frameworks */,
				FA0068831BCE2C6E00D2BF9A /* Resources */,
			);
			buildRules = (
			);
			dependencies = (
				FA0068871BCE2C6E00D2BF9A /* PBXTargetDependency */,
			);
			name = "Pitch PerfectTests";
			productName = "Pitch PerfectTests";
			productReference = FA0068851BCE2C6E00D2BF9A /* Pitch PerfectTests.xctest */;
			productType = "com.apple.product-type.bundle.unit-test";
		};
		FA00688F1BCE2C6E00D2BF9A /* Pitch PerfectUITests */ = {
			isa = PBXNativeTarget;
			buildConfigurationList = FA00689F1BCE2C6E00D2BF9A /* Build configuration list for PBXNativeTarget "Pitch PerfectUITests" */;
			buildPhases = (
				FA00688C1BCE2C6E00D2BF9A /* Sources */,
				FA00688D1BCE2C6E00D2BF9A /* Frameworks */,
				FA00688E1BCE2C6E00D2BF9A /* Resources */,
			);
			buildRules = (
			);
			dependencies = (
				FA0068921BCE2C6E00D2BF9A /* PBXTargetDependency */,
			);
			name = "Pitch PerfectUITests";
			productName = "Pitch PerfectUITests";
			productReference = FA0068901BCE2C6E00D2BF9A /* Pitch PerfectUITests.xctest */;
			productType = "com.apple.product-type.bundle.ui-testing";
		};
/* End PBXNativeTarget section */

/* Begin PBXProject section */
		FA0068691BCE2C6E00D2BF9A /* Project object */ = {
			isa = PBXProject;
			attributes = {
				LastUpgradeCheck = 0700;
				ORGANIZATIONNAME = "Krishna Sai";
				TargetAttributes = {
					FA0068701BCE2C6E00D2BF9A = {
						CreatedOnToolsVersion = 7.0.1;
					};
					FA0068841BCE2C6E00D2BF9A = {
						CreatedOnToolsVersion = 7.0.1;
						TestTargetID = FA0068701BCE2C6E00D2BF9A;
					};
					FA00688F1BCE2C6E00D2BF9A = {
						CreatedOnToolsVersion = 7.0.1;
						TestTargetID = FA0068701BCE2C6E00D2BF9A;
					};
				};
			};
			buildConfigurationList = FA00686C1BCE2C6E00D2BF9A /* Build configuration list for PBXProject "Pitch Perfect" */;
			compatibilityVersion = "Xcode 3.2";
			developmentRegion = English;
			hasScannedForEncodings = 0;
			knownRegions = (
				en,
				Base,
			);
			mainGroup = FA0068681BCE2C6E00D2BF9A;
			productRefGroup = FA0068721BCE2C6E00D2BF9A /* Products */;
			projectDirPath = "";
			projectRoot = "";
			targets = (
				FA0068701BCE2C6E00D2BF9A /* Pitch Perfect */,
				FA0068841BCE2C6E00D2BF9A /* Pitch PerfectTests */,
				FA00688F1BCE2C6E00D2BF9A /* Pitch PerfectUITests */,
			);
		};
/* End PBXProject section */

/* Begin PBXResourcesBuildPhase section */
		FA00686F1BCE2C6E00D2BF9A /* Resources */ = {
			isa = PBXResourcesBuildPhase;
			buildActionMask = 2147483647;
			files = (
				FA00687F1BCE2C6E00D2BF9A /* LaunchScreen.storyboard in Resources */,
				FA00687C1BCE2C6E00D2BF9A /* Assets.xcassets in Resources */,
				FAB0C05C1BCFB0F7002B0F0F /* movie_quote.mp3 in Resources */,
				FA00687A1BCE2C6E00D2BF9A /* Main.storyboard in Resources */,
			);
			runOnlyForDeploymentPostprocessing = 0;
		};
		FA0068831BCE2C6E00D2BF9A /* Resources */ = {
			isa = PBXResourcesBuildPhase;
			buildActionMask = 2147483647;
			files = (
			);
			runOnlyForDeploymentPostprocessing = 0;
		};
		FA00688E1BCE2C6E00D2BF9A /* Resources */ = {
			isa = PBXResourcesBuildPhase;
			buildActionMask = 2147483647;
			files = (
			);
			runOnlyForDeploymentPostprocessing = 0;
		};
/* End PBXResourcesBuildPhase section */

/* Begin PBXSourcesBuildPhase section */
		FA00686D1BCE2C6E00D2BF9A /* Sources */ = {
			isa = PBXSourcesBuildPhase;
			buildActionMask = 2147483647;
			files = (
				FAB0C05E1BD0A8EA002B0F0F /* RecordedAudio.swift in Sources */,
				FA0068771BCE2C6E00D2BF9A /* RecordSoundsViewController.swift in Sources */,
				FAB0C05A1BCF9461002B0F0F /* PlaySoundsViewController.swift in Sources */,
				FA0068751BCE2C6E00D2BF9A /* AppDelegate.swift in Sources */,
			);
			runOnlyForDeploymentPostprocessing = 0;
		};
		FA0068811BCE2C6E00D2BF9A /* Sources */ = {
			isa = PBXSourcesBuildPhase;
			buildActionMask = 2147483647;
			files = (
				FA00688A1BCE2C6E00D2BF9A /* Pitch_PerfectTests.swift in Sources */,
			);
			runOnlyForDeploymentPostprocessing = 0;
		};
		FA00688C1BCE2C6E00D2BF9A /* Sources */ = {
			isa = PBXSourcesBuildPhase;
			buildActionMask = 2147483647;
			files = (
				FA0068951BCE2C6E00D2BF9A /* Pitch_PerfectUITests.swift in Sources */,
			);
			runOnlyForDeploymentPostprocessing = 0;
		};
/* End PBXSourcesBuildPhase section */

/* Begin PBXTargetDependency section */
		FA0068871BCE2C6E00D2BF9A /* PBXTargetDependency */ = {
			isa = PBXTargetDependency;
			target = FA0068701BCE2C6E00D2BF9A /* Pitch Perfect */;
			targetProxy = FA0068861BCE2C6E00D2BF9A /* PBXContainerItemProxy */;
		};
		FA0068921BCE2C6E00D2BF9A /* PBXTargetDependency */ = {
			isa = PBXTargetDependency;
			target = FA0068701BCE2C6E00D2BF9A /* Pitch Perfect */;
			targetProxy = FA0068911BCE2C6E00D2BF9A /* PBXContainerItemProxy */;
		};
/* End PBXTargetDependency section */

/* Begin PBXVariantGroup section */
		FA0068781BCE2C6E00D2BF9A /* Main.storyboard */ = {
			isa = PBXVariantGroup;
			children = (
				FA0068791BCE2C6E00D2BF9A /* Base */,
			);
			name = Main.storyboard;
			sourceTree = "<group>";
		};
		FA00687D1BCE2C6E00D2BF9A /* LaunchScreen.storyboard */ = {
			isa = PBXVariantGroup;
			children = (
				FA00687E1BCE2C6E00D2BF9A /* Base */,
			);
			name = LaunchScreen.storyboard;
			sourceTree = "<group>";
		};
/* End PBXVariantGroup section */

/* Begin XCBuildConfiguration section */
		FA0068971BCE2C6E00D2BF9A /* Debug */ = {
			isa = XCBuildConfiguration;
			buildSettings = {
				ALWAYS_SEARCH_USER_PATHS = NO;
				CLANG_CXX_LANGUAGE_STANDARD = "gnu++0x";
				CLANG_CXX_LIBRARY = "libc++";
				CLANG_ENABLE_MODULES = YES;
				CLANG_ENABLE_OBJC_ARC = YES;
				CLANG_WARN_BOOL_CONVERSION = YES;
				CLANG_WARN_CONSTANT_CONVERSION = YES;
				CLANG_WARN_DIRECT_OBJC_ISA_USAGE = YES_ERROR;
				CLANG_WARN_EMPTY_BODY = YES;
				CLANG_WARN_ENUM_CONVERSION = YES;
				CLANG_WARN_INT_CONVERSION = YES;
				CLANG_WARN_OBJC_ROOT_CLASS = YES_ERROR;
				CLANG_WARN_UNREACHABLE_CODE = YES;
				CLANG_WARN__DUPLICATE_METHOD_MATCH = YES;
				"CODE_SIGN_IDENTITY[sdk=iphoneos*]" = "iPhone Developer";
				COPY_PHASE_STRIP = NO;
				DEBUG_INFORMATION_FORMAT = dwarf;
				ENABLE_STRICT_OBJC_MSGSEND = YES;
				ENABLE_TESTABILITY = YES;
				GCC_C_LANGUAGE_STANDARD = gnu99;
				GCC_DYNAMIC_NO_PIC = NO;
				GCC_NO_COMMON_BLOCKS = YES;
				GCC_OPTIMIZATION_LEVEL = 0;
				GCC_PREPROCESSOR_DEFINITIONS = (
					"DEBUG=1",
					"$(inherited)",
				);
				GCC_WARN_64_TO_32_BIT_CONVERSION = YES;
				GCC_WARN_ABOUT_RETURN_TYPE = YES_ERROR;
				GCC_WARN_UNDECLARED_SELECTOR = YES;
				GCC_WARN_UNINITIALIZED_AUTOS = YES_AGGRESSIVE;
				GCC_WARN_UNUSED_FUNCTION = YES;
				GCC_WARN_UNUSED_VARIABLE = YES;
				IPHONEOS_DEPLOYMENT_TARGET = 9.0;
				MTL_ENABLE_DEBUG_INFO = YES;
				ONLY_ACTIVE_ARCH = YES;
				SDKROOT = iphoneos;
				SWIFT_OPTIMIZATION_LEVEL = "-Onone";
			};
			name = Debug;
		};
		FA0068981BCE2C6E00D2BF9A /* Release */ = {
			isa = XCBuildConfiguration;
			buildSettings = {
				ALWAYS_SEARCH_USER_PATHS = NO;
				CLANG_CXX_LANGUAGE_STANDARD = "gnu++0x";
				CLANG_CXX_LIBRARY = "libc++";
				CLANG_ENABLE_MODULES = YES;
				CLANG_ENABLE_OBJC_ARC = YES;
				CLANG_WARN_BOOL_CONVERSION = YES;
				CLANG_WARN_CONSTANT_CONVERSION = YES;
				CLANG_WARN_DIRECT_OBJC_ISA_USAGE = YES_ERROR;
				CLANG_WARN_EMPTY_BODY = YES;
				CLANG_WARN_ENUM_CONVERSION = YES;
				CLANG_WARN_INT_CONVERSION = YES;
				CLANG_WARN_OBJC_ROOT_CLASS = YES_ERROR;
				CLANG_WARN_UNREACHABLE_CODE = YES;
				CLANG_WARN__DUPLICATE_METHOD_MATCH = YES;
				"CODE_SIGN_IDENTITY[sdk=iphoneos*]" = "iPhone Developer";
				COPY_PHASE_STRIP = NO;
				DEBUG_INFORMATION_FORMAT = "dwarf-with-dsym";
				ENABLE_NS_ASSERTIONS = NO;
				ENABLE_STRICT_OBJC_MSGSEND = YES;
				GCC_C_LANGUAGE_STANDARD = gnu99;
				GCC_NO_COMMON_BLOCKS = YES;
				GCC_WARN_64_TO_32_BIT_CONVERSION = YES;
				GCC_WARN_ABOUT_RETURN_TYPE = YES_ERROR;
				GCC_WARN_UNDECLARED_SELECTOR = YES;
				GCC_WARN_UNINITIALIZED_AUTOS = YES_AGGRESSIVE;
				GCC_WARN_UNUSED_FUNCTION = YES;
				GCC_WARN_UNUSED_VARIABLE = YES;
				IPHONEOS_DEPLOYMENT_TARGET = 9.0;
				MTL_ENABLE_DEBUG_INFO = NO;
				SDKROOT = iphoneos;
				VALIDATE_PRODUCT = YES;
			};
			name = Release;
		};
		FA00689A1BCE2C6E00D2BF9A /* Debug */ = {
			isa = XCBuildConfiguration;
			buildSettings = {
				ASSETCATALOG_COMPILER_APPICON_NAME = AppIcon;
				INFOPLIST_FILE = "Pitch Perfect/Info.plist";
				LD_RUNPATH_SEARCH_PATHS = "$(inherited) @executable_path/Frameworks";
				PRODUCT_BUNDLE_IDENTIFIER = "com.krishnasai.Pitch-Perfect";
				PRODUCT_NAME = "$(TARGET_NAME)";
			};
			name = Debug;
		};
		FA00689B1BCE2C6E00D2BF9A /* Release */ = {
			isa = XCBuildConfiguration;
			buildSettings = {
				ASSETCATALOG_COMPILER_APPICON_NAME = AppIcon;
				INFOPLIST_FILE = "Pitch Perfect/Info.plist";
				LD_RUNPATH_SEARCH_PATHS = "$(inherited) @executable_path/Frameworks";
				PRODUCT_BUNDLE_IDENTIFIER = "com.krishnasai.Pitch-Perfect";
				PRODUCT_NAME = "$(TARGET_NAME)";
			};
			name = Release;
		};
		FA00689D1BCE2C6E00D2BF9A /* Debug */ = {
			isa = XCBuildConfiguration;
			buildSettings = {
				BUNDLE_LOADER = "$(TEST_HOST)";
				INFOPLIST_FILE = "Pitch PerfectTests/Info.plist";
				LD_RUNPATH_SEARCH_PATHS = "$(inherited) @executable_path/Frameworks @loader_path/Frameworks";
				PRODUCT_BUNDLE_IDENTIFIER = "com.krishnasai.Pitch-PerfectTests";
				PRODUCT_NAME = "$(TARGET_NAME)";
				TEST_HOST = "$(BUILT_PRODUCTS_DIR)/Pitch Perfect.app/Pitch Perfect";
			};
			name = Debug;
		};
		FA00689E1BCE2C6E00D2BF9A /* Release */ = {
			isa = XCBuildConfiguration;
			buildSettings = {
				BUNDLE_LOADER = "$(TEST_HOST)";
				INFOPLIST_FILE = "Pitch PerfectTests/Info.plist";
				LD_RUNPATH_SEARCH_PATHS = "$(inherited) @executable_path/Frameworks @loader_path/Frameworks";
				PRODUCT_BUNDLE_IDENTIFIER = "com.krishnasai.Pitch-PerfectTests";
				PRODUCT_NAME = "$(TARGET_NAME)";
				TEST_HOST = "$(BUILT_PRODUCTS_DIR)/Pitch Perfect.app/Pitch Perfect";
			};
			name = Release;
		};
		FA0068A01BCE2C6E00D2BF9A /* Debug */ = {
			isa = XCBuildConfiguration;
			buildSettings = {
				INFOPLIST_FILE = "Pitch PerfectUITests/Info.plist";
				LD_RUNPATH_SEARCH_PATHS = "$(inherited) @executable_path/Frameworks @loader_path/Frameworks";
				PRODUCT_BUNDLE_IDENTIFIER = "com.krishnasai.Pitch-PerfectUITests";
				PRODUCT_NAME = "$(TARGET_NAME)";
				TEST_TARGET_NAME = "Pitch Perfect";
				USES_XCTRUNNER = YES;
			};
			name = Debug;
		};
		FA0068A11BCE2C6E00D2BF9A /* Release */ = {
			isa = XCBuildConfiguration;
			buildSettings = {
				INFOPLIST_FILE = "Pitch PerfectUITests/Info.plist";
				LD_RUNPATH_SEARCH_PATHS = "$(inherited) @executable_path/Frameworks @loader_path/Frameworks";
				PRODUCT_BUNDLE_IDENTIFIER = "com.krishnasai.Pitch-PerfectUITests";
				PRODUCT_NAME = "$(TARGET_NAME)";
				TEST_TARGET_NAME = "Pitch Perfect";
				USES_XCTRUNNER = YES;
			};
			name = Release;
		};
/* End XCBuildConfiguration section */

/* Begin XCConfigurationList section */
		FA00686C1BCE2C6E00D2BF9A /* Build configuration list for PBXProject "Pitch Perfect" */ = {
			isa = XCConfigurationList;
			buildConfigurations = (
				FA0068971BCE2C6E00D2BF9A /* Debug */,
				FA0068981BCE2C6E00D2BF9A /* Release */,
			);
			defaultConfigurationIsVisible = 0;
			defaultConfigurationName = Release;
		};
		FA0068991BCE2C6E00D2BF9A /* Build configuration list for PBXNativeTarget "Pitch Perfect" */ = {
			isa = XCConfigurationList;
			buildConfigurations = (
				FA00689A1BCE2C6E00D2BF9A /* Debug */,
				FA00689B1BCE2C6E00D2BF9A /* Release */,
			);
			defaultConfigurationIsVisible = 0;
			defaultConfigurationName = Release;
		};
		FA00689C1BCE2C6E00D2BF9A /* Build configuration list for PBXNativeTarget "Pitch PerfectTests" */ = {
			isa = XCConfigurationList;
			buildConfigurations = (
				FA00689D1BCE2C6E00D2BF9A /* Debug */,
				FA00689E1BCE2C6E00D2BF9A /* Release */,
			);
			defaultConfigurationIsVisible = 0;
			defaultConfigurationName = Release;
		};
		FA00689F1BCE2C6E00D2BF9A /* Build configuration list for PBXNativeTarget "Pitch PerfectUITests" */ = {
			isa = XCConfigurationList;
			buildConfigurations = (
				FA0068A01BCE2C6E00D2BF9A /* Debug */,
				FA0068A11BCE2C6E00D2BF9A /* Release */,
			);
			defaultConfigurationIsVisible = 0;
			defaultConfigurationName = Release;
		};
/* End XCConfigurationList section */
	};
	rootObject = FA0068691BCE2C6E00D2BF9A /* Project object */;
}
